
Microsoft Visual Studio Solution File, Format Version 12.00
# Visual Studio 15
VisualStudioVersion = 15.0.26430.14
MinimumVisualStudioVersion = 10.0.40219.1
Project("{FAE04EC0-301F-11D3-BF4B-00C04F79EFBC}") = "XFFlipViewControl.Android", "XFFlipViewControl\XFFlipViewControl.Android\XFFlipViewControl.Android.csproj", "{25F51F39-6BEF-4DE8-8796-9F277FD2FE31}"
EndProject
Project("{FAE04EC0-301F-11D3-BF4B-00C04F79EFBC}") = "XFFlipViewControl", "XFFlipViewControl\XFFlipViewControl\XFFlipViewControl.csproj", "{F4F171DE-8A34-465D-A475-E36908A89372}"
EndProject
Project("{FAE04EC0-301F-11D3-BF4B-00C04F79EFBC}") = "XFFlipViewControl.UWP", "XFFlipViewControl\XFFlipViewControl.UWP\XFFlipViewControl.UWP.csproj", "{EC65299D-F45D-4E6D-9E17-F08D66377CB9}"
EndProject
Project("{FAE04EC0-301F-11D3-BF4B-00C04F79EFBC}") = "XFFlipViewControl.iOS", "XFFlipViewControl\XFFlipViewControl.iOS\XFFlipViewControl.iOS.csproj", "{37E96E8F-A804-4FD5-A782-7633B8760806}"
EndProject
Global
	GlobalSection(SolutionConfigurationPlatforms) = preSolution
		Ad-Hoc|Any CPU = Ad-Hoc|Any CPU
		Ad-Hoc|ARM = Ad-Hoc|ARM
		Ad-Hoc|iPhone = Ad-Hoc|iPhone
		Ad-Hoc|iPhoneSimulator = Ad-Hoc|iPhoneSimulator
		Ad-Hoc|x64 = Ad-Hoc|x64
		Ad-Hoc|x86 = Ad-Hoc|x86
		AppStore|Any CPU = AppStore|Any CPU
		AppStore|ARM = AppStore|ARM
		AppStore|iPhone = AppStore|iPhone
		AppStore|iPhoneSimulator = AppStore|iPhoneSimulator
		AppStore|x64 = AppStore|x64
		AppStore|x86 = AppStore|x86
		Debug|Any CPU = Debug|Any CPU
		Debug|ARM = Debug|ARM
		Debug|iPhone = Debug|iPhone
		Debug|iPhoneSimulator = Debug|iPhoneSimulator
		Debug|x64 = Debug|x64
		Debug|x86 = Debug|x86
		Release|Any CPU = Release|Any CPU
		Release|ARM = Release|ARM
		Release|iPhone = Release|iPhone
		Release|iPhoneSimulator = Release|iPhoneSimulator
		Release|x64 = Release|x64
		Release|x86 = Release|x86
	EndGlobalSection
	GlobalSection(ProjectConfigurationPlatforms) = postSolution
		{25F51F39-6BEF-4DE8-8796-9F277FD2FE31}.Ad-Hoc|Any CPU.ActiveCfg = Release|Any CPU
		{25F51F39-6BEF-4DE8-8796-9F277FD2FE31}.Ad-Hoc|Any CPU.Build.0 = Release|Any CPU
		{25F51F39-6BEF-4DE8-8796-9F277FD2FE31}.Ad-Hoc|Any CPU.Deploy.0 = Release|Any CPU
		{25F51F39-6BEF-4DE8-8796-9F277FD2FE31}.Ad-Hoc|ARM.ActiveCfg = Release|Any CPU
		{25F51F39-6BEF-4DE8-8796-9F277FD2FE31}.Ad-Hoc|ARM.Build.0 = Release|Any CPU
		{25F51F39-6BEF-4DE8-8796-9F277FD2FE31}.Ad-Hoc|ARM.Deploy.0 = Release|Any CPU
		{25F51F39-6BEF-4DE8-8796-9F277FD2FE31}.Ad-Hoc|iPhone.ActiveCfg = Release|Any CPU
		{25F51F39-6BEF-4DE8-8796-9F277FD2FE31}.Ad-Hoc|iPhone.Build.0 = Release|Any CPU
		{25F51F39-6BEF-4DE8-8796-9F277FD2FE31}.Ad-Hoc|iPhone.Deploy.0 = Release|Any CPU
		{25F51F39-6BEF-4DE8-8796-9F277FD2FE31}.Ad-Hoc|iPhoneSimulator.ActiveCfg = Release|Any CPU
		{25F51F39-6BEF-4DE8-8796-9F277FD2FE31}.Ad-Hoc|iPhoneSimulator.Build.0 = Release|Any CPU
		{25F51F39-6BEF-4DE8-8796-9F277FD2FE31}.Ad-Hoc|iPhoneSimulator.Deploy.0 = Release|Any CPU
		{25F51F39-6BEF-4DE8-8796-9F277FD2FE31}.Ad-Hoc|x64.ActiveCfg = Release|Any CPU
		{25F51F39-6BEF-4DE8-8796-9F277FD2FE31}.Ad-Hoc|x64.Build.0 = Release|Any CPU
		{25F51F39-6BEF-4DE8-8796-9F277FD2FE31}.Ad-Hoc|x64.Deploy.0 = Release|Any CPU
		{25F51F39-6BEF-4DE8-8796-9F277FD2FE31}.Ad-Hoc|x86.ActiveCfg = Release|Any CPU
		{25F51F39-6BEF-4DE8-8796-9F277FD2FE31}.Ad-Hoc|x86.Build.0 = Release|Any CPU
		{25F51F39-6BEF-4DE8-8796-9F277FD2FE31}.Ad-Hoc|x86.Deploy.0 = Release|Any CPU
		{25F51F39-6BEF-4DE8-8796-9F277FD2FE31}.AppStore|Any CPU.ActiveCfg = Release|Any CPU
		{25F51F39-6BEF-4DE8-8796-9F277FD2FE31}.AppStore|Any CPU.Build.0 = Release|Any CPU
		{25F51F39-6BEF-4DE8-8796-9F277FD2FE31}.AppStore|Any CPU.Deploy.0 = Release|Any CPU
		{25F51F39-6BEF-4DE8-8796-9F277FD2FE31}.AppStore|ARM.ActiveCfg = Release|Any CPU
		{25F51F39-6BEF-4DE8-8796-9F277FD2FE31}.AppStore|ARM.Build.0 = Release|Any CPU
		{25F51F39-6BEF-4DE8-8796-9F277FD2FE31}.AppStore|ARM.Deploy.0 = Release|Any CPU
		{25F51F39-6BEF-4DE8-8796-9F277FD2FE31}.AppStore|iPhone.ActiveCfg = Release|Any CPU
		{25F51F39-6BEF-4DE8-8796-9F277FD2FE31}.AppStore|iPhone.Build.0 = Release|Any CPU
		{25F51F39-6BEF-4DE8-8796-9F277FD2FE31}.AppStore|iPhone.Deploy.0 = Release|Any CPU
		{25F51F39-6BEF-4DE8-8796-9F277FD2FE31}.AppStore|iPhoneSimulator.ActiveCfg = Release|Any CPU
		{25F51F39-6BEF-4DE8-8796-9F277FD2FE31}.AppStore|iPhoneSimulator.Build.0 = Release|Any CPU
		{25F51F39-6BEF-4DE8-8796-9F277FD2FE31}.AppStore|iPhoneSimulator.Deploy.0 = Release|Any CPU
		{25F51F39-6BEF-4DE8-8796-9F277FD2FE31}.AppStore|x64.ActiveCfg = Release|Any CPU
		{25F51F39-6BEF-4DE8-8796-9F277FD2FE31}.AppStore|x64.Build.0 = Release|Any CPU
		{25F51F39-6BEF-4DE8-8796-9F277FD2FE31}.AppStore|x64.Deploy.0 = Release|Any CPU
		{25F51F39-6BEF-4DE8-8796-9F277FD2FE31}.AppStore|x86.ActiveCfg = Release|Any CPU
		{25F51F39-6BEF-4DE8-8796-9F277FD2FE31}.AppStore|x86.Build.0 = Release|Any CPU
		{25F51F39-6BEF-4DE8-8796-9F277FD2FE31}.AppStore|x86.Deploy.0 = Release|Any CPU
		{25F51F39-6BEF-4DE8-8796-9F277FD2FE31}.Debug|Any CPU.ActiveCfg = Debug|Any CPU
		{25F51F39-6BEF-4DE8-8796-9F277FD2FE31}.Debug|Any CPU.Build.0 = Debug|Any CPU
		{25F51F39-6BEF-4DE8-8796-9F277FD2FE31}.Debug|Any CPU.Deploy.0 = Debug|Any CPU
		{25F51F39-6BEF-4DE8-8796-9F277FD2FE31}.Debug|ARM.ActiveCfg = Debug|Any CPU
		{25F51F39-6BEF-4DE8-8796-9F277FD2FE31}.Debug|ARM.Build.0 = Debug|Any CPU
		{25F51F39-6BEF-4DE8-8796-9F277FD2FE31}.Debug|ARM.Deploy.0 = Debug|Any CPU
		{25F51F39-6BEF-4DE8-8796-9F277FD2FE31}.Debug|iPhone.ActiveCfg = Debug|Any CPU
		{25F51F39-6BEF-4DE8-8796-9F277FD2FE31}.Debug|iPhone.Build.0 = Debug|Any CPU
		{25F51F39-6BEF-4DE8-8796-9F277FD2FE31}.Debug|iPhone.Deploy.0 = Debug|Any CPU
		{25F51F39-6BEF-4DE8-8796-9F277FD2FE31}.Debug|iPhoneSimulator.ActiveCfg = Debug|Any CPU
		{25F51F39-6BEF-4DE8-8796-9F277FD2FE31}.Debug|iPhoneSimulator.Build.0 = Debug|Any CPU
		{25F51F39-6BEF-4DE8-8796-9F277FD2FE31}.Debug|iPhoneSimulator.Deploy.0 = Debug|Any CPU
		{25F51F39-6BEF-4DE8-8796-9F277FD2FE31}.Debug|x64.ActiveCfg = Debug|Any CPU
		{25F51F39-6BEF-4DE8-8796-9F277FD2FE31}.Debug|x64.Build.0 = Debug|Any CPU
		{25F51F39-6BEF-4DE8-8796-9F277FD2FE31}.Debug|x64.Deploy.0 = Debug|Any CPU
		{25F51F39-6BEF-4DE8-8796-9F277FD2FE31}.Debug|x86.ActiveCfg = Debug|Any CPU
		{25F51F39-6BEF-4DE8-8796-9F277FD2FE31}.Debug|x86.Build.0 = Debug|Any CPU
		{25F51F39-6BEF-4DE8-8796-9F277FD2FE31}.Debug|x86.Deploy.0 = Debug|Any CPU
		{25F51F39-6BEF-4DE8-8796-9F277FD2FE31}.Release|Any CPU.ActiveCfg = Release|Any CPU
		{25F51F39-6BEF-4DE8-8796-9F277FD2FE31}.Release|Any CPU.Build.0 = Release|Any CPU
		{25F51F39-6BEF-4DE8-8796-9F277FD2FE31}.Release|Any CPU.Deploy.0 = Release|Any CPU
		{25F51F39-6BEF-4DE8-8796-9F277FD2FE31}.Release|ARM.ActiveCfg = Release|Any CPU
		{25F51F39-6BEF-4DE8-8796-9F277FD2FE31}.Release|ARM.Build.0 = Release|Any CPU
		{25F51F39-6BEF-4DE8-8796-9F277FD2FE31}.Release|ARM.Deploy.0 = Release|Any CPU
		{25F51F39-6BEF-4DE8-8796-9F277FD2FE31}.Release|iPhone.ActiveCfg = Release|Any CPU
		{25F51F39-6BEF-4DE8-8796-9F277FD2FE31}.Release|iPhone.Build.0 = Release|Any CPU
		{25F51F39-6BEF-4DE8-8796-9F277FD2FE31}.Release|iPhone.Deploy.0 = Release|Any CPU
		{25F51F39-6BEF-4DE8-8796-9F277FD2FE31}.Release|iPhoneSimulator.ActiveCfg = Release|Any CPU
		{25F51F39-6BEF-4DE8-8796-9F277FD2FE31}.Release|iPhoneSimulator.Build.0 = Release|Any CPU
		{25F51F39-6BEF-4DE8-8796-9F277FD2FE31}.Release|iPhoneSimulator.Deploy.0 = Release|Any CPU
		{25F51F39-6BEF-4DE8-8796-9F277FD2FE31}.Release|x64.ActiveCfg = Release|Any CPU
		{25F51F39-6BEF-4DE8-8796-9F277FD2FE31}.Release|x64.Build.0 = Release|Any CPU
		{25F51F39-6BEF-4DE8-8796-9F277FD2FE31}.Release|x64.Deploy.0 = Release|Any CPU
		{25F51F39-6BEF-4DE8-8796-9F277FD2FE31}.Release|x86.ActiveCfg = Release|Any CPU
		{25F51F39-6BEF-4DE8-8796-9F277FD2FE31}.Release|x86.Build.0 = Release|Any CPU
		{25F51F39-6BEF-4DE8-8796-9F277FD2FE31}.Release|x86.Deploy.0 = Release|Any CPU
		{F4F171DE-8A34-465D-A475-E36908A89372}.Ad-Hoc|Any CPU.ActiveCfg = Release|Any CPU
		{F4F171DE-8A34-465D-A475-E36908A89372}.Ad-Hoc|Any CPU.Build.0 = Release|Any CPU
		{F4F171DE-8A34-465D-A475-E36908A89372}.Ad-Hoc|ARM.ActiveCfg = Release|Any CPU
		{F4F171DE-8A34-465D-A475-E36908A89372}.Ad-Hoc|ARM.Build.0 = Release|Any CPU
		{F4F171DE-8A34-465D-A475-E36908A89372}.Ad-Hoc|iPhone.ActiveCfg = Release|Any CPU
		{F4F171DE-8A34-465D-A475-E36908A89372}.Ad-Hoc|iPhone.Build.0 = Release|Any CPU
		{F4F171DE-8A34-465D-A475-E36908A89372}.Ad-Hoc|iPhoneSimulator.ActiveCfg = Release|Any CPU
		{F4F171DE-8A34-465D-A475-E36908A89372}.Ad-Hoc|iPhoneSimulator.Build.0 = Release|Any CPU
		{F4F171DE-8A34-465D-A475-E36908A89372}.Ad-Hoc|x64.ActiveCfg = Release|Any CPU
		{F4F171DE-8A34-465D-A475-E36908A89372}.Ad-Hoc|x64.Build.0 = Release|Any CPU
		{F4F171DE-8A34-465D-A475-E36908A89372}.Ad-Hoc|x86.ActiveCfg = Release|Any CPU
		{F4F171DE-8A34-465D-A475-E36908A89372}.Ad-Hoc|x86.Build.0 = Release|Any CPU
		{F4F171DE-8A34-465D-A475-E36908A89372}.AppStore|Any CPU.ActiveCfg = Release|Any CPU
		{F4F171DE-8A34-465D-A475-E36908A89372}.AppStore|Any CPU.Build.0 = Release|Any CPU
		{F4F171DE-8A34-465D-A475-E36908A89372}.AppStore|ARM.ActiveCfg = Release|Any CPU
		{F4F171DE-8A34-465D-A475-E36908A89372}.AppStore|ARM.Build.0 = Release|Any CPU
		{F4F171DE-8A34-465D-A475-E36908A89372}.AppStore|iPhone.ActiveCfg = Release|Any CPU
		{F4F171DE-8A34-465D-A475-E36908A89372}.AppStore|iPhone.Build.0 = Release|Any CPU
		{F4F171DE-8A34-465D-A475-E36908A89372}.AppStore|iPhoneSimulator.ActiveCfg = Release|Any CPU
		{F4F171DE-8A34-465D-A475-E36908A89372}.AppStore|iPhoneSimulator.Build.0 = Release|Any CPU
		{F4F171DE-8A34-465D-A475-E36908A89372}.AppStore|x64.ActiveCfg = Release|Any CPU
		{F4F171DE-8A34-465D-A475-E36908A89372}.AppStore|x64.Build.0 = Release|Any CPU
		{F4F171DE-8A34-465D-A475-E36908A89372}.AppStore|x86.ActiveCfg = Release|Any CPU
		{F4F171DE-8A34-465D-A475-E36908A89372}.AppStore|x86.Build.0 = Release|Any CPU
		{F4F171DE-8A34-465D-A475-E36908A89372}.Debug|Any CPU.ActiveCfg = Debug|Any CPU
		{F4F171DE-8A34-465D-A475-E36908A89372}.Debug|Any CPU.Build.0 = Debug|Any CPU
		{F4F171DE-8A34-465D-A475-E36908A89372}.Debug|ARM.ActiveCfg = Debug|Any CPU
		{F4F171DE-8A34-465D-A475-E36908A89372}.Debug|ARM.Build.0 = Debug|Any CPU
		{F4F171DE-8A34-465D-A475-E36908A89372}.Debug|iPhone.ActiveCfg = Debug|Any CPU
		{F4F171DE-8A34-465D-A475-E36908A89372}.Debug|iPhone.Build.0 = Debug|Any CPU
		{F4F171DE-8A34-465D-A475-E36908A89372}.Debug|iPhoneSimulator.ActiveCfg = Debug|Any CPU
		{F4F171DE-8A34-465D-A475-E36908A89372}.Debug|iPhoneSimulator.Build.0 = Debug|Any CPU
		{F4F171DE-8A34-465D-A475-E36908A89372}.Debug|x64.ActiveCfg = Debug|Any CPU
		{F4F171DE-8A34-465D-A475-E36908A89372}.Debug|x64.Build.0 = Debug|Any CPU
		{F4F171DE-8A34-465D-A475-E36908A89372}.Debug|x86.ActiveCfg = Debug|Any CPU
		{F4F171DE-8A34-465D-A475-E36908A89372}.Debug|x86.Build.0 = Debug|Any CPU
		{F4F171DE-8A34-465D-A475-E36908A89372}.Release|Any CPU.ActiveCfg = Release|Any CPU
		{F4F171DE-8A34-465D-A475-E36908A89372}.Release|Any CPU.Build.0 = Release|Any CPU
		{F4F171DE-8A34-465D-A475-E36908A89372}.Release|ARM.ActiveCfg = Release|Any CPU
		{F4F171DE-8A34-465D-A475-E36908A89372}.Release|ARM.Build.0 = Release|Any CPU
		{F4F171DE-8A34-465D-A475-E36908A89372}.Release|iPhone.ActiveCfg = Release|Any CPU
		{F4F171DE-8A34-465D-A475-E36908A89372}.Release|iPhone.Build.0 = Release|Any CPU
		{F4F171DE-8A34-465D-A475-E36908A89372}.Release|iPhoneSimulator.ActiveCfg = Release|Any CPU
		{F4F171DE-8A34-465D-A475-E36908A89372}.Release|iPhoneSimulator.Build.0 = Release|Any CPU
		{F4F171DE-8A34-465D-A475-E36908A89372}.Release|x64.ActiveCfg = Release|Any CPU
		{F4F171DE-8A34-465D-A475-E36908A89372}.Release|x64.Build.0 = Release|Any CPU
		{F4F171DE-8A34-465D-A475-E36908A89372}.Release|x86.ActiveCfg = Release|Any CPU
		{F4F171DE-8A34-465D-A475-E36908A89372}.Release|x86.Build.0 = Release|Any CPU
		{EC65299D-F45D-4E6D-9E17-F08D66377CB9}.Ad-Hoc|Any CPU.ActiveCfg = Release|x86
		{EC65299D-F45D-4E6D-9E17-F08D66377CB9}.Ad-Hoc|Any CPU.Build.0 = Release|x86
		{EC65299D-F45D-4E6D-9E17-F08D66377CB9}.Ad-Hoc|Any CPU.Deploy.0 = Release|x86
		{EC65299D-F45D-4E6D-9E17-F08D66377CB9}.Ad-Hoc|ARM.ActiveCfg = Release|ARM
		{EC65299D-F45D-4E6D-9E17-F08D66377CB9}.Ad-Hoc|ARM.Build.0 = Release|ARM
		{EC65299D-F45D-4E6D-9E17-F08D66377CB9}.Ad-Hoc|ARM.Deploy.0 = Release|ARM
		{EC65299D-F45D-4E6D-9E17-F08D66377CB9}.Ad-Hoc|iPhone.ActiveCfg = Release|x86
		{EC65299D-F45D-4E6D-9E17-F08D66377CB9}.Ad-Hoc|iPhone.Build.0 = Release|x86
		{EC65299D-F45D-4E6D-9E17-F08D66377CB9}.Ad-Hoc|iPhone.Deploy.0 = Release|x86
		{EC65299D-F45D-4E6D-9E17-F08D66377CB9}.Ad-Hoc|iPhoneSimulator.ActiveCfg = Release|x86
		{EC65299D-F45D-4E6D-9E17-F08D66377CB9}.Ad-Hoc|iPhoneSimulator.Build.0 = Release|x86
		{EC65299D-F45D-4E6D-9E17-F08D66377CB9}.Ad-Hoc|iPhoneSimulator.Deploy.0 = Release|x86
		{EC65299D-F45D-4E6D-9E17-F08D66377CB9}.Ad-Hoc|x64.ActiveCfg = Release|x64
		{EC65299D-F45D-4E6D-9E17-F08D66377CB9}.Ad-Hoc|x64.Build.0 = Release|x64
		{EC65299D-F45D-4E6D-9E17-F08D66377CB9}.Ad-Hoc|x64.Deploy.0 = Release|x64
		{EC65299D-F45D-4E6D-9E17-F08D66377CB9}.Ad-Hoc|x86.ActiveCfg = Release|x86
		{EC65299D-F45D-4E6D-9E17-F08D66377CB9}.Ad-Hoc|x86.Build.0 = Release|x86
		{EC65299D-F45D-4E6D-9E17-F08D66377CB9}.Ad-Hoc|x86.Deploy.0 = Release|x86
		{EC65299D-F45D-4E6D-9E17-F08D66377CB9}.AppStore|Any CPU.ActiveCfg = Release|x86
		{EC65299D-F45D-4E6D-9E17-F08D66377CB9}.AppStore|Any CPU.Build.0 = Release|x86
		{EC65299D-F45D-4E6D-9E17-F08D66377CB9}.AppStore|Any CPU.Deploy.0 = Release|x86
		{EC65299D-F45D-4E6D-9E17-F08D66377CB9}.AppStore|ARM.ActiveCfg = Release|ARM
		{EC65299D-F45D-4E6D-9E17-F08D66377CB9}.AppStore|ARM.Build.0 = Release|ARM
		{EC65299D-F45D-4E6D-9E17-F08D66377CB9}.AppStore|ARM.Deploy.0 = Release|ARM
		{EC65299D-F45D-4E6D-9E17-F08D66377CB9}.AppStore|iPhone.ActiveCfg = Release|x86
		{EC65299D-F45D-4E6D-9E17-F08D66377CB9}.AppStore|iPhone.Build.0 = Release|x86
		{EC65299D-F45D-4E6D-9E17-F08D66377CB9}.AppStore|iPhone.Deploy.0 = Release|x86
		{EC65299D-F45D-4E6D-9E17-F08D66377CB9}.AppStore|iPhoneSimulator.ActiveCfg = Release|x86
		{EC65299D-F45D-4E6D-9E17-F08D66377CB9}.AppStore|iPhoneSimulator.Build.0 = Release|x86
		{EC65299D-F45D-4E6D-9E17-F08D66377CB9}.AppStore|iPhoneSimulator.Deploy.0 = Release|x86
		{EC65299D-F45D-4E6D-9E17-F08D66377CB9}.AppStore|x64.ActiveCfg = Release|x64
		{EC65299D-F45D-4E6D-9E17-F08D66377CB9}.AppStore|x64.Build.0 = Release|x64
		{EC65299D-F45D-4E6D-9E17-F08D66377CB9}.AppStore|x64.Deploy.0 = Release|x64
		{EC65299D-F45D-4E6D-9E17-F08D66377CB9}.AppStore|x86.ActiveCfg = Release|x86
		{EC65299D-F45D-4E6D-9E17-F08D66377CB9}.AppStore|x86.Build.0 = Release|x86
		{EC65299D-F45D-4E6D-9E17-F08D66377CB9}.AppStore|x86.Deploy.0 = Release|x86
		{EC65299D-F45D-4E6D-9E17-F08D66377CB9}.Debug|Any CPU.ActiveCfg = Debug|x86
		{EC65299D-F45D-4E6D-9E17-F08D66377CB9}.Debug|ARM.ActiveCfg = Debug|ARM
		{EC65299D-F45D-4E6D-9E17-F08D66377CB9}.Debug|ARM.Build.0 = Debug|ARM
		{EC65299D-F45D-4E6D-9E17-F08D66377CB9}.Debug|ARM.Deploy.0 = Debug|ARM
		{EC65299D-F45D-4E6D-9E17-F08D66377CB9}.Debug|iPhone.ActiveCfg = Debug|x86
		{EC65299D-F45D-4E6D-9E17-F08D66377CB9}.Debug|iPhoneSimulator.ActiveCfg = Debug|x86
		{EC65299D-F45D-4E6D-9E17-F08D66377CB9}.Debug|x64.ActiveCfg = Debug|x64
		{EC65299D-F45D-4E6D-9E17-F08D66377CB9}.Debug|x64.Build.0 = Debug|x64
		{EC65299D-F45D-4E6D-9E17-F08D66377CB9}.Debug|x64.Deploy.0 = Debug|x64
		{EC65299D-F45D-4E6D-9E17-F08D66377CB9}.Debug|x86.ActiveCfg = Debug|x86
		{EC65299D-F45D-4E6D-9E17-F08D66377CB9}.Debug|x86.Build.0 = Debug|x86
		{EC65299D-F45D-4E6D-9E17-F08D66377CB9}.Debug|x86.Deploy.0 = Debug|x86
		{EC65299D-F45D-4E6D-9E17-F08D66377CB9}.Release|Any CPU.ActiveCfg = Release|x86
		{EC65299D-F45D-4E6D-9E17-F08D66377CB9}.Release|ARM.ActiveCfg = Release|ARM
		{EC65299D-F45D-4E6D-9E17-F08D66377CB9}.Release|ARM.Build.0 = Release|ARM
		{EC65299D-F45D-4E6D-9E17-F08D66377CB9}.Release|ARM.Deploy.0 = Release|ARM
		{EC65299D-F45D-4E6D-9E17-F08D66377CB9}.Release|iPhone.ActiveCfg = Release|x86
		{EC65299D-F45D-4E6D-9E17-F08D66377CB9}.Release|iPhoneSimulator.ActiveCfg = Release|x86
		{EC65299D-F45D-4E6D-9E17-F08D66377CB9}.Release|x64.ActiveCfg = Release|x64
		{EC65299D-F45D-4E6D-9E17-F08D66377CB9}.Release|x64.Build.0 = Release|x64
		{EC65299D-F45D-4E6D-9E17-F08D66377CB9}.Release|x64.Deploy.0 = Release|x64
		{EC65299D-F45D-4E6D-9E17-F08D66377CB9}.Release|x86.ActiveCfg = Release|x86
		{EC65299D-F45D-4E6D-9E17-F08D66377CB9}.Release|x86.Build.0 = Release|x86
		{EC65299D-F45D-4E6D-9E17-F08D66377CB9}.Release|x86.Deploy.0 = Release|x86
		{37E96E8F-A804-4FD5-A782-7633B8760806}.Ad-Hoc|Any CPU.ActiveCfg = Ad-Hoc|iPhone
		{37E96E8F-A804-4FD5-A782-7633B8760806}.Ad-Hoc|ARM.ActiveCfg = Ad-Hoc|iPhone
		{37E96E8F-A804-4FD5-A782-7633B8760806}.Ad-Hoc|iPhone.ActiveCfg = Ad-Hoc|iPhone
		{37E96E8F-A804-4FD5-A782-7633B8760806}.Ad-Hoc|iPhone.Build.0 = Ad-Hoc|iPhone
		{37E96E8F-A804-4FD5-A782-7633B8760806}.Ad-Hoc|iPhoneSimulator.ActiveCfg = Ad-Hoc|iPhoneSimulator
		{37E96E8F-A804-4FD5-A782-7633B8760806}.Ad-Hoc|iPhoneSimulator.Build.0 = Ad-Hoc|iPhoneSimulator
		{37E96E8F-A804-4FD5-A782-7633B8760806}.Ad-Hoc|x64.ActiveCfg = Ad-Hoc|iPhone
		{37E96E8F-A804-4FD5-A782-7633B8760806}.Ad-Hoc|x86.ActiveCfg = Ad-Hoc|iPhone
		{37E96E8F-A804-4FD5-A782-7633B8760806}.AppStore|Any CPU.ActiveCfg = AppStore|iPhone
		{37E96E8F-A804-4FD5-A782-7633B8760806}.AppStore|ARM.ActiveCfg = AppStore|iPhone
		{37E96E8F-A804-4FD5-A782-7633B8760806}.AppStore|iPhone.ActiveCfg = AppStore|iPhone
		{37E96E8F-A804-4FD5-A782-7633B8760806}.AppStore|iPhone.Build.0 = AppStore|iPhone
		{37E96E8F-A804-4FD5-A782-7633B8760806}.AppStore|iPhoneSimulator.ActiveCfg = AppStore|iPhoneSimulator
		{37E96E8F-A804-4FD5-A782-7633B8760806}.AppStore|iPhoneSimulator.Build.0 = AppStore|iPhoneSimulator
		{37E96E8F-A804-4FD5-A782-7633B8760806}.AppStore|x64.ActiveCfg = AppStore|iPhone
		{37E96E8F-A804-4FD5-A782-7633B8760806}.AppStore|x86.ActiveCfg = AppStore|iPhone
		{37E96E8F-A804-4FD5-A782-7633B8760806}.Debug|Any CPU.ActiveCfg = Debug|iPhone
		{37E96E8F-A804-4FD5-A782-7633B8760806}.Debug|ARM.ActiveCfg = Debug|iPhone
		{37E96E8F-A804-4FD5-A782-7633B8760806}.Debug|iPhone.ActiveCfg = Debug|iPhone
		{37E96E8F-A804-4FD5-A782-7633B8760806}.Debug|iPhone.Build.0 = Debug|iPhone
		{37E96E8F-A804-4FD5-A782-7633B8760806}.Debug|iPhoneSimulator.ActiveCfg = Debug|iPhoneSimulator
		{37E96E8F-A804-4FD5-A782-7633B8760806}.Debug|iPhoneSimulator.Build.0 = Debug|iPhoneSimulator
		{37E96E8F-A804-4FD5-A782-7633B8760806}.Debug|x64.ActiveCfg = Debug|iPhone
		{37E96E8F-A804-4FD5-A782-7633B8760806}.Debug|x86.ActiveCfg = Debug|iPhone
		{37E96E8F-A804-4FD5-A782-7633B8760806}.Release|Any CPU.ActiveCfg = Release|iPhone
		{37E96E8F-A804-4FD5-A782-7633B8760806}.Release|ARM.ActiveCfg = Release|iPhone
		{37E96E8F-A804-4FD5-A782-7633B8760806}.Release|iPhone.ActiveCfg = Release|iPhone
		{37E96E8F-A804-4FD5-A782-7633B8760806}.Release|iPhone.Build.0 = Release|iPhone
		{37E96E8F-A804-4FD5-A782-7633B8760806}.Release|iPhoneSimulator.ActiveCfg = Release|iPhoneSimulator
		{37E96E8F-A804-4FD5-A782-7633B8760806}.Release|iPhoneSimulator.Build.0 = Release|iPhoneSimulator
		{37E96E8F-A804-4FD5-A782-7633B8760806}.Release|x64.ActiveCfg = Release|iPhone
		{37E96E8F-A804-4FD5-A782-7633B8760806}.Release|x86.ActiveCfg = Release|iPhone
	EndGlobalSection
	GlobalSection(SolutionProperties) = preSolution
		HideSolutionNode = FALSE
	EndGlobalSection
EndGlobal
